# This file is automatically @generated by Cargo.
# It is not intended for manual editing.
version = 3

[[package]]
name = "base64-lt"
version = "1.0.5"
dependencies = [
 "lib-base64",
]

[[package]]
name = "lib-base64"
version = "2.0.0"
source = "registry+https://github.com/rust-lang/crates.io-index"
checksum = "af141abd615af116e0c2dc8ec1ec934ea474c4598bbd6ad5278024999f02449e"
