# This file is automatically @generated by Cargo.
# It is not intended for manual editing.
[[package]]
name = "base64-lt"
version = "1.0.2"
dependencies = [
 "lib-base64",
]

[[package]]
name = "lib-base64"
version = "1.0.2"
source = "registry+https://github.com/rust-lang/crates.io-index"
checksum = "8f29a55a4615f653cec28f08ba390aac30ddce7773022cc38316ed1b49437989"
