# This file is automatically @generated by Cargo.
# It is not intended for manual editing.
[[package]]
name = "base64-lt"
version = "1.0.3"
dependencies = [
 "lib-base64",
]

[[package]]
name = "lib-base64"
version = "1.0.3"
source = "registry+https://github.com/rust-lang/crates.io-index"
checksum = "2c870348f78d34766ef493e98f95508f144d2c280cd2a327a2643f6db53b41ec"
